
Microsoft Visual Studio Solution File, Format Version 12.00
# Visual Studio Version 17
VisualStudioVersion = 17.11.35219.272
MinimumVisualStudioVersion = 10.0.40219.1
Project("{2150E333-8FDC-42A3-9474-1A3956D46DE8}") = "src", "src", "{C5387F30-0E7D-4481-A475-E769E43C7EB4}"
EndProject
Project("{2150E333-8FDC-42A3-9474-1A3956D46DE8}") = "Shared", "Shared", "{AB13D0A9-5C13-409B-8B21-EE6B4CC76AC0}"
EndProject
Project("{2150E333-8FDC-42A3-9474-1A3956D46DE8}") = "Bootstrapper", "Bootstrapper", "{81C07090-FBD1-4118-B616-C31B25BBEA07}"
EndProject
Project("{2150E333-8FDC-42A3-9474-1A3956D46DE8}") = "Modules", "Modules", "{B2E0993F-223E-4926-A3BA-AA7D6D2C34F3}"
EndProject
Project("{9A19103F-16F7-4668-BE54-9A1E7A4F7556}") = "WebAPIServer.Bootstrapper", "src\Bootstrapper\WebAPIServer.Bootstrapper\WebAPIServer.Bootstrapper.csproj", "{AC344800-1680-4381-BDD9-522F6045A9E4}"
EndProject
Project("{2150E333-8FDC-42A3-9474-1A3956D46DE8}") = "Catalog", "Catalog", "{1DD5E81C-4A17-455D-9E25-711C0C6231C4}"
EndProject
Project("{9A19103F-16F7-4668-BE54-9A1E7A4F7556}") = "WebAPIServer.Modules.Catalog.Api", "src\Modules\Catalog\WebAPIServer.Modules.Catalog.Api\WebAPIServer.Modules.Catalog.Api.csproj", "{73836942-A03B-4877-B824-88096E3E6546}"
EndProject
Project("{9A19103F-16F7-4668-BE54-9A1E7A4F7556}") = "WebAPIServer.Modules.Catalog.Domain", "src\Modules\Catalog\WebAPIServer.Modules.Catalog.Domain\WebAPIServer.Modules.Catalog.Domain.csproj", "{2490D5FE-B9F4-4998-9359-F307EEA69935}"
EndProject
Project("{9A19103F-16F7-4668-BE54-9A1E7A4F7556}") = "WebAPIServer.Shared.Abstractions", "src\Shared\WebAPIServer.Shared.Abstractions\WebAPIServer.Shared.Abstractions.csproj", "{F7A33647-213D-4E1B-AD6E-3947F3D0C31E}"
EndProject
Project("{9A19103F-16F7-4668-BE54-9A1E7A4F7556}") = "WebAPIServer.Shared.Infrastructure", "src\Shared\WebAPIServer.Shared.Infrastructure\WebAPIServer.Shared.Infrastructure.csproj", "{1A145FD8-F106-4E8D-B07D-6CD848200892}"
EndProject
Project("{9A19103F-16F7-4668-BE54-9A1E7A4F7556}") = "WebAPIServer.Modules.Catalog.DataAccesses", "src\Modules\Catalog\WebAPIServer.Modules.Catalog.DataAccesses\WebAPIServer.Modules.Catalog.DataAccesses.csproj", "{974B97F4-B56C-4D57-9514-7E3A47E8DB5A}"
EndProject
Project("{9A19103F-16F7-4668-BE54-9A1E7A4F7556}") = "WebAPIServer.Modules.Catalog.Businesses", "src\Modules\Catalog\WebAPIServer.Modules.Catalog.Businesses\WebAPIServer.Modules.Catalog.Businesses.csproj", "{BED32C09-1DCA-433D-BBD6-AD9E40E04014}"
EndProject
Project("{2150E333-8FDC-42A3-9474-1A3956D46DE8}") = "MovieManagement", "MovieManagement", "{23C4154A-3613-4D1E-AF28-428B1542FCF9}"
EndProject
Project("{9A19103F-16F7-4668-BE54-9A1E7A4F7556}") = "WebAPIServer.Modules.MovieManagement.Api", "src\Modules\MovieManagement\WebAPIServer.Modules.MovieManagement.Api\WebAPIServer.Modules.MovieManagement.Api.csproj", "{98670157-EA56-4804-999D-5BB70F0BA039}"
EndProject
Project("{9A19103F-16F7-4668-BE54-9A1E7A4F7556}") = "WebAPIServer.Modules.MovieManagement.Businesses", "src\Modules\MovieManagement\WebAPIServer.Modules.MovieManagement.Businesses\WebAPIServer.Modules.MovieManagement.Businesses.csproj", "{0B9EDFE7-9607-4E2F-894D-6FE035263310}"
EndProject
Project("{9A19103F-16F7-4668-BE54-9A1E7A4F7556}") = "WebAPIServer.Modules.MovieManagement.DataAccesses", "src\Modules\MovieManagement\WebAPIServer.Modules.MovieManagement.DataAccesses\WebAPIServer.Modules.MovieManagement.DataAccesses.csproj", "{87436040-17E9-4FE9-AF7E-CC5601A68252}"
EndProject
Project("{9A19103F-16F7-4668-BE54-9A1E7A4F7556}") = "WebAPIServer.Modules.MovieManagement.Domain", "src\Modules\MovieManagement\WebAPIServer.Modules.MovieManagement.Domain\WebAPIServer.Modules.MovieManagement.Domain.csproj", "{6F9F416C-9764-4B69-9C7A-F2C53AA5D71C}"
EndProject
Project("{2150E333-8FDC-42A3-9474-1A3956D46DE8}") = "Tickets", "Tickets", "{7AA0459C-2259-4688-BD92-371FD2A6A4E9}"
EndProject
Project("{9A19103F-16F7-4668-BE54-9A1E7A4F7556}") = "WebAPIServer.Modules.Tickets.Api", "src\Modules\Tickets\WebAPIServer.Modules.Tickets.Api\WebAPIServer.Modules.Tickets.Api.csproj", "{D8C92F29-A974-43E3-B8B5-AA791FF2180C}"
EndProject
Project("{9A19103F-16F7-4668-BE54-9A1E7A4F7556}") = "WebAPIServer.Modules.Tickets.Businesses", "src\Modules\Tickets\WebAPIServer.Modules.Tickets.Businesses\WebAPIServer.Modules.Tickets.Businesses.csproj", "{8931BAD1-2E7A-42E9-9FD1-BD7DDDDAEA19}"
EndProject
Project("{9A19103F-16F7-4668-BE54-9A1E7A4F7556}") = "WebAPIServer.Modules.Tickets.DataAccesses", "src\Modules\Tickets\WebAPIServer.Modules.Tickets.DataAccesses\WebAPIServer.Modules.Tickets.DataAccesses.csproj", "{9780F14A-5F0E-4BAC-9317-2E44057C8B8D}"
EndProject
Project("{9A19103F-16F7-4668-BE54-9A1E7A4F7556}") = "WebAPIServer.Modules.Tickets.Domain", "src\Modules\Tickets\WebAPIServer.Modules.Tickets.Domain\WebAPIServer.Modules.Tickets.Domain.csproj", "{52C06238-B79D-41DC-A644-387B9750C879}"
EndProject
Project("{2150E333-8FDC-42A3-9474-1A3956D46DE8}") = "Vouchers", "Vouchers", "{E21E2870-AFC6-4BFF-88D1-AD9D9D13D13F}"
EndProject
Project("{9A19103F-16F7-4668-BE54-9A1E7A4F7556}") = "WebAPIServer.Modules.Vouchers.Api", "src\Modules\Vouchers\WebAPIServer.Modules.Vouchers.Api\WebAPIServer.Modules.Vouchers.Api.csproj", "{353DE6F1-9F66-4735-A27A-86AC0EFC626C}"
EndProject
Project("{9A19103F-16F7-4668-BE54-9A1E7A4F7556}") = "WebAPIServer.Modules.Vouchers.Businesses", "src\Modules\Vouchers\WebAPIServer.Modules.VouchersBusinesses\WebAPIServer.Modules.Vouchers.Businesses.csproj", "{0B416314-EBE6-4445-AD3D-3F17822FCCF5}"
EndProject
Project("{9A19103F-16F7-4668-BE54-9A1E7A4F7556}") = "WebAPIServer.Modules.Vouchers.DataAccesses", "src\Modules\Vouchers\WebAPIServer.Modules.Vouchers.DataAccesses\WebAPIServer.Modules.Vouchers.DataAccesses.csproj", "{BDB8FE92-84EE-4B71-920E-BE2435B26446}"
EndProject
Project("{9A19103F-16F7-4668-BE54-9A1E7A4F7556}") = "WebAPIServer.Modules.Vouchers.Domain", "src\Modules\Vouchers\WebAPIServer.Modules.Vouchers.Domain\WebAPIServer.Modules.Vouchers.Domain.csproj", "{4A305681-EDD3-42D7-BC94-B739ABD0FCBD}"
EndProject
Project("{2150E333-8FDC-42A3-9474-1A3956D46DE8}") = "Booking", "Booking", "{E78D0534-23AF-4543-A58C-FC844C6BCF91}"
EndProject
Project("{9A19103F-16F7-4668-BE54-9A1E7A4F7556}") = "WebAPIServer.Modules.Booking.Api", "src\Modules\Booking\WebAPIServer.Modules.Booking.Api\WebAPIServer.Modules.Booking.Api.csproj", "{17501638-FBF6-4587-AB7F-6126F1668010}"
EndProject
Project("{9A19103F-16F7-4668-BE54-9A1E7A4F7556}") = "WebAPIServer.Modules.Booking.Businesses", "src\Modules\Booking\WebAPIServer.Modules.Booking.Businesses\WebAPIServer.Modules.Booking.Businesses.csproj", "{E061683C-0922-40D2-B1F8-AFF55D17BA89}"
EndProject
Project("{9A19103F-16F7-4668-BE54-9A1E7A4F7556}") = "WebAPIServer.Modules.Booking.DataAccesses", "src\Modules\Booking\WebAPIServer.Modules.Booking.DataAccesses\WebAPIServer.Modules.Booking.DataAccesses.csproj", "{AC5DA3F1-54DA-419C-9E09-867ACED36CDB}"
EndProject
Project("{9A19103F-16F7-4668-BE54-9A1E7A4F7556}") = "WebAPIServer.Modules.Booking.Domain", "src\Modules\Booking\WebAPIServer.Modules.Booking.Domain\WebAPIServer.Modules.Booking.Domain.csproj", "{BC406E99-3922-48B5-84B2-D41ABD33A8C0}"
EndProject
Project("{9A19103F-16F7-4668-BE54-9A1E7A4F7556}") = "WebAPIServer.Modules.Payment.Api", "src\Modules\Payment\WebAPIServer.Modules.Payment.Api\WebAPIServer.Modules.Payment.Api.csproj", "{2A5090E3-9B02-40BA-98C2-0147470653D0}"
EndProject
Project("{9A19103F-16F7-4668-BE54-9A1E7A4F7556}") = "WebAPIServer.Modules.Payment.Businesses", "src\Modules\Payment\WebAPIServer.Modules.Payment.Businesses\WebAPIServer.Modules.Payment.Businesses.csproj", "{321A055D-B364-4090-B77F-72D6A3F4618F}"
EndProject
Project("{9A19103F-16F7-4668-BE54-9A1E7A4F7556}") = "WebAPIServer.Modules.Payment.DataAccesses", "src\Modules\Payment\WebAPIServer.Modules.Payment.DataAccesses\WebAPIServer.Modules.Payment.DataAccesses.csproj", "{5B02EB44-359F-441E-8C74-D4563E429360}"
EndProject
Project("{9A19103F-16F7-4668-BE54-9A1E7A4F7556}") = "WebAPIServer.Modules.Payment.Domain", "src\Modules\Payment\WebAPIServer.Modules.Payment.Domain\WebAPIServer.Modules.Payment.Domain.csproj", "{68F41342-8F50-491D-8D54-90044A90637F}"
EndProject
Project("{2150E333-8FDC-42A3-9474-1A3956D46DE8}") = "Payment", "Payment", "{773787AF-CC54-4B1E-BF82-1C65A30827E8}"
EndProject
Project("{2150E333-8FDC-42A3-9474-1A3956D46DE8}") = "Users", "Users", "{E5049886-9312-44DE-B97B-B358BB58F338}"
EndProject
Project("{9A19103F-16F7-4668-BE54-9A1E7A4F7556}") = "WebAPIServer.Modules.Users.Api", "src\Modules\Users\WebAPIServer.Modules.Users.Api\WebAPIServer.Modules.Users.Api.csproj", "{68479E64-D0C2-48D6-AD99-F07E2986F7DF}"
EndProject
Project("{9A19103F-16F7-4668-BE54-9A1E7A4F7556}") = "WebAPIServer.Modules.Users.Businesses", "src\Modules\Users\WebAPIServer.Modules.Users.Businesses\WebAPIServer.Modules.Users.Businesses.csproj", "{8C3000DF-E386-4B07-9DD9-12C28EAF2D59}"
EndProject
Project("{9A19103F-16F7-4668-BE54-9A1E7A4F7556}") = "WebAPIServer.Modules.Users.DataAccesses", "src\Modules\Users\WebAPIServer.Modules.Users.DataAccesses\WebAPIServer.Modules.Users.DataAccesses.csproj", "{C0D5298E-CA71-4D2A-BB61-1D3003A52CAF}"
EndProject
Project("{9A19103F-16F7-4668-BE54-9A1E7A4F7556}") = "WebAPIServer.Modules.Users.Domain", "src\Modules\Users\WebAPIServer.Modules.Users.Domain\WebAPIServer.Modules.Users.Domain.csproj", "{7664471B-F947-4482-977B-2EC4E3E91140}"
EndProject
Project("{9A19103F-16F7-4668-BE54-9A1E7A4F7556}") = "WebAPIServer.Modules.Identity.Api", "src\Modules\Identity\WebAPIServer.Modules.Identity.Api\WebAPIServer.Modules.Identity.Api.csproj", "{DF1824A6-8EB2-4CD2-AC73-90BBE1C38B70}"
EndProject
Project("{9A19103F-16F7-4668-BE54-9A1E7A4F7556}") = "WebAPIServer.Modules.Identity.Businesses", "src\Modules\Identity\WebAPIServer.Modules.Identity.Businesses\WebAPIServer.Modules.Identity.Businesses.csproj", "{169FEA50-326B-48E5-8054-87DA54E67752}"
EndProject
Project("{9A19103F-16F7-4668-BE54-9A1E7A4F7556}") = "WebAPIServer.Modules.Identity.DataAccesses", "src\Modules\Identity\WebAPIServer.Modules.Identity.DataAccesses\WebAPIServer.Modules.Identity.DataAccesses.csproj", "{0A598AFE-0C3D-4DE2-9F6C-5707A836EDFF}"
EndProject
Project("{9A19103F-16F7-4668-BE54-9A1E7A4F7556}") = "WebAPIServer.Modules.Identity.Domain", "src\Modules\Identity\WebAPIServer.Modules.Identity.Domain\WebAPIServer.Modules.Identity.Domain.csproj", "{C72E5760-6E66-4247-AF97-6021E7418FE0}"
EndProject
Project("{2150E333-8FDC-42A3-9474-1A3956D46DE8}") = "Identity", "Identity", "{E32DF5C9-8AFD-443A-B4C3-0CB52B0E4360}"
EndProject
Global
	GlobalSection(SolutionConfigurationPlatforms) = preSolution
		Debug|Any CPU = Debug|Any CPU
		Release|Any CPU = Release|Any CPU
	EndGlobalSection
	GlobalSection(ProjectConfigurationPlatforms) = postSolution
		{AC344800-1680-4381-BDD9-522F6045A9E4}.Debug|Any CPU.ActiveCfg = Debug|Any CPU
		{AC344800-1680-4381-BDD9-522F6045A9E4}.Debug|Any CPU.Build.0 = Debug|Any CPU
		{AC344800-1680-4381-BDD9-522F6045A9E4}.Release|Any CPU.ActiveCfg = Release|Any CPU
		{AC344800-1680-4381-BDD9-522F6045A9E4}.Release|Any CPU.Build.0 = Release|Any CPU
		{73836942-A03B-4877-B824-88096E3E6546}.Debug|Any CPU.ActiveCfg = Debug|Any CPU
		{73836942-A03B-4877-B824-88096E3E6546}.Debug|Any CPU.Build.0 = Debug|Any CPU
		{73836942-A03B-4877-B824-88096E3E6546}.Release|Any CPU.ActiveCfg = Release|Any CPU
		{73836942-A03B-4877-B824-88096E3E6546}.Release|Any CPU.Build.0 = Release|Any CPU
		{2490D5FE-B9F4-4998-9359-F307EEA69935}.Debug|Any CPU.ActiveCfg = Debug|Any CPU
		{2490D5FE-B9F4-4998-9359-F307EEA69935}.Debug|Any CPU.Build.0 = Debug|Any CPU
		{2490D5FE-B9F4-4998-9359-F307EEA69935}.Release|Any CPU.ActiveCfg = Release|Any CPU
		{2490D5FE-B9F4-4998-9359-F307EEA69935}.Release|Any CPU.Build.0 = Release|Any CPU
		{F7A33647-213D-4E1B-AD6E-3947F3D0C31E}.Debug|Any CPU.ActiveCfg = Debug|Any CPU
		{F7A33647-213D-4E1B-AD6E-3947F3D0C31E}.Debug|Any CPU.Build.0 = Debug|Any CPU
		{F7A33647-213D-4E1B-AD6E-3947F3D0C31E}.Release|Any CPU.ActiveCfg = Release|Any CPU
		{F7A33647-213D-4E1B-AD6E-3947F3D0C31E}.Release|Any CPU.Build.0 = Release|Any CPU
		{1A145FD8-F106-4E8D-B07D-6CD848200892}.Debug|Any CPU.ActiveCfg = Debug|Any CPU
		{1A145FD8-F106-4E8D-B07D-6CD848200892}.Debug|Any CPU.Build.0 = Debug|Any CPU
		{1A145FD8-F106-4E8D-B07D-6CD848200892}.Release|Any CPU.ActiveCfg = Release|Any CPU
		{1A145FD8-F106-4E8D-B07D-6CD848200892}.Release|Any CPU.Build.0 = Release|Any CPU
		{974B97F4-B56C-4D57-9514-7E3A47E8DB5A}.Debug|Any CPU.ActiveCfg = Debug|Any CPU
		{974B97F4-B56C-4D57-9514-7E3A47E8DB5A}.Debug|Any CPU.Build.0 = Debug|Any CPU
		{974B97F4-B56C-4D57-9514-7E3A47E8DB5A}.Release|Any CPU.ActiveCfg = Release|Any CPU
		{974B97F4-B56C-4D57-9514-7E3A47E8DB5A}.Release|Any CPU.Build.0 = Release|Any CPU
		{BED32C09-1DCA-433D-BBD6-AD9E40E04014}.Debug|Any CPU.ActiveCfg = Debug|Any CPU
		{BED32C09-1DCA-433D-BBD6-AD9E40E04014}.Debug|Any CPU.Build.0 = Debug|Any CPU
		{BED32C09-1DCA-433D-BBD6-AD9E40E04014}.Release|Any CPU.ActiveCfg = Release|Any CPU
		{BED32C09-1DCA-433D-BBD6-AD9E40E04014}.Release|Any CPU.Build.0 = Release|Any CPU
		{98670157-EA56-4804-999D-5BB70F0BA039}.Debug|Any CPU.ActiveCfg = Debug|Any CPU
		{98670157-EA56-4804-999D-5BB70F0BA039}.Debug|Any CPU.Build.0 = Debug|Any CPU
		{98670157-EA56-4804-999D-5BB70F0BA039}.Release|Any CPU.ActiveCfg = Release|Any CPU
		{98670157-EA56-4804-999D-5BB70F0BA039}.Release|Any CPU.Build.0 = Release|Any CPU
		{0B9EDFE7-9607-4E2F-894D-6FE035263310}.Debug|Any CPU.ActiveCfg = Debug|Any CPU
		{0B9EDFE7-9607-4E2F-894D-6FE035263310}.Debug|Any CPU.Build.0 = Debug|Any CPU
		{0B9EDFE7-9607-4E2F-894D-6FE035263310}.Release|Any CPU.ActiveCfg = Release|Any CPU
		{0B9EDFE7-9607-4E2F-894D-6FE035263310}.Release|Any CPU.Build.0 = Release|Any CPU
		{87436040-17E9-4FE9-AF7E-CC5601A68252}.Debug|Any CPU.ActiveCfg = Debug|Any CPU
		{87436040-17E9-4FE9-AF7E-CC5601A68252}.Debug|Any CPU.Build.0 = Debug|Any CPU
		{87436040-17E9-4FE9-AF7E-CC5601A68252}.Release|Any CPU.ActiveCfg = Release|Any CPU
		{87436040-17E9-4FE9-AF7E-CC5601A68252}.Release|Any CPU.Build.0 = Release|Any CPU
		{6F9F416C-9764-4B69-9C7A-F2C53AA5D71C}.Debug|Any CPU.ActiveCfg = Debug|Any CPU
		{6F9F416C-9764-4B69-9C7A-F2C53AA5D71C}.Debug|Any CPU.Build.0 = Debug|Any CPU
		{6F9F416C-9764-4B69-9C7A-F2C53AA5D71C}.Release|Any CPU.ActiveCfg = Release|Any CPU
		{6F9F416C-9764-4B69-9C7A-F2C53AA5D71C}.Release|Any CPU.Build.0 = Release|Any CPU
		{D8C92F29-A974-43E3-B8B5-AA791FF2180C}.Debug|Any CPU.ActiveCfg = Debug|Any CPU
		{D8C92F29-A974-43E3-B8B5-AA791FF2180C}.Debug|Any CPU.Build.0 = Debug|Any CPU
		{D8C92F29-A974-43E3-B8B5-AA791FF2180C}.Release|Any CPU.ActiveCfg = Release|Any CPU
		{D8C92F29-A974-43E3-B8B5-AA791FF2180C}.Release|Any CPU.Build.0 = Release|Any CPU
		{8931BAD1-2E7A-42E9-9FD1-BD7DDDDAEA19}.Debug|Any CPU.ActiveCfg = Debug|Any CPU
		{8931BAD1-2E7A-42E9-9FD1-BD7DDDDAEA19}.Debug|Any CPU.Build.0 = Debug|Any CPU
		{8931BAD1-2E7A-42E9-9FD1-BD7DDDDAEA19}.Release|Any CPU.ActiveCfg = Release|Any CPU
		{8931BAD1-2E7A-42E9-9FD1-BD7DDDDAEA19}.Release|Any CPU.Build.0 = Release|Any CPU
		{9780F14A-5F0E-4BAC-9317-2E44057C8B8D}.Debug|Any CPU.ActiveCfg = Debug|Any CPU
		{9780F14A-5F0E-4BAC-9317-2E44057C8B8D}.Debug|Any CPU.Build.0 = Debug|Any CPU
		{9780F14A-5F0E-4BAC-9317-2E44057C8B8D}.Release|Any CPU.ActiveCfg = Release|Any CPU
		{9780F14A-5F0E-4BAC-9317-2E44057C8B8D}.Release|Any CPU.Build.0 = Release|Any CPU
		{52C06238-B79D-41DC-A644-387B9750C879}.Debug|Any CPU.ActiveCfg = Debug|Any CPU
		{52C06238-B79D-41DC-A644-387B9750C879}.Debug|Any CPU.Build.0 = Debug|Any CPU
		{52C06238-B79D-41DC-A644-387B9750C879}.Release|Any CPU.ActiveCfg = Release|Any CPU
		{52C06238-B79D-41DC-A644-387B9750C879}.Release|Any CPU.Build.0 = Release|Any CPU
		{353DE6F1-9F66-4735-A27A-86AC0EFC626C}.Debug|Any CPU.ActiveCfg = Debug|Any CPU
		{353DE6F1-9F66-4735-A27A-86AC0EFC626C}.Debug|Any CPU.Build.0 = Debug|Any CPU
		{353DE6F1-9F66-4735-A27A-86AC0EFC626C}.Release|Any CPU.ActiveCfg = Release|Any CPU
		{353DE6F1-9F66-4735-A27A-86AC0EFC626C}.Release|Any CPU.Build.0 = Release|Any CPU
		{0B416314-EBE6-4445-AD3D-3F17822FCCF5}.Debug|Any CPU.ActiveCfg = Debug|Any CPU
		{0B416314-EBE6-4445-AD3D-3F17822FCCF5}.Debug|Any CPU.Build.0 = Debug|Any CPU
		{0B416314-EBE6-4445-AD3D-3F17822FCCF5}.Release|Any CPU.ActiveCfg = Release|Any CPU
		{0B416314-EBE6-4445-AD3D-3F17822FCCF5}.Release|Any CPU.Build.0 = Release|Any CPU
		{BDB8FE92-84EE-4B71-920E-BE2435B26446}.Debug|Any CPU.ActiveCfg = Debug|Any CPU
		{BDB8FE92-84EE-4B71-920E-BE2435B26446}.Debug|Any CPU.Build.0 = Debug|Any CPU
		{BDB8FE92-84EE-4B71-920E-BE2435B26446}.Release|Any CPU.ActiveCfg = Release|Any CPU
		{BDB8FE92-84EE-4B71-920E-BE2435B26446}.Release|Any CPU.Build.0 = Release|Any CPU
		{4A305681-EDD3-42D7-BC94-B739ABD0FCBD}.Debug|Any CPU.ActiveCfg = Debug|Any CPU
		{4A305681-EDD3-42D7-BC94-B739ABD0FCBD}.Debug|Any CPU.Build.0 = Debug|Any CPU
		{4A305681-EDD3-42D7-BC94-B739ABD0FCBD}.Release|Any CPU.ActiveCfg = Release|Any CPU
		{4A305681-EDD3-42D7-BC94-B739ABD0FCBD}.Release|Any CPU.Build.0 = Release|Any CPU
		{17501638-FBF6-4587-AB7F-6126F1668010}.Debug|Any CPU.ActiveCfg = Debug|Any CPU
		{17501638-FBF6-4587-AB7F-6126F1668010}.Debug|Any CPU.Build.0 = Debug|Any CPU
		{17501638-FBF6-4587-AB7F-6126F1668010}.Release|Any CPU.ActiveCfg = Release|Any CPU
		{17501638-FBF6-4587-AB7F-6126F1668010}.Release|Any CPU.Build.0 = Release|Any CPU
		{E061683C-0922-40D2-B1F8-AFF55D17BA89}.Debug|Any CPU.ActiveCfg = Debug|Any CPU
		{E061683C-0922-40D2-B1F8-AFF55D17BA89}.Debug|Any CPU.Build.0 = Debug|Any CPU
		{E061683C-0922-40D2-B1F8-AFF55D17BA89}.Release|Any CPU.ActiveCfg = Release|Any CPU
		{E061683C-0922-40D2-B1F8-AFF55D17BA89}.Release|Any CPU.Build.0 = Release|Any CPU
		{AC5DA3F1-54DA-419C-9E09-867ACED36CDB}.Debug|Any CPU.ActiveCfg = Debug|Any CPU
		{AC5DA3F1-54DA-419C-9E09-867ACED36CDB}.Debug|Any CPU.Build.0 = Debug|Any CPU
		{AC5DA3F1-54DA-419C-9E09-867ACED36CDB}.Release|Any CPU.ActiveCfg = Release|Any CPU
		{AC5DA3F1-54DA-419C-9E09-867ACED36CDB}.Release|Any CPU.Build.0 = Release|Any CPU
		{BC406E99-3922-48B5-84B2-D41ABD33A8C0}.Debug|Any CPU.ActiveCfg = Debug|Any CPU
		{BC406E99-3922-48B5-84B2-D41ABD33A8C0}.Debug|Any CPU.Build.0 = Debug|Any CPU
		{BC406E99-3922-48B5-84B2-D41ABD33A8C0}.Release|Any CPU.ActiveCfg = Release|Any CPU
		{BC406E99-3922-48B5-84B2-D41ABD33A8C0}.Release|Any CPU.Build.0 = Release|Any CPU
		{2A5090E3-9B02-40BA-98C2-0147470653D0}.Debug|Any CPU.ActiveCfg = Debug|Any CPU
		{2A5090E3-9B02-40BA-98C2-0147470653D0}.Debug|Any CPU.Build.0 = Debug|Any CPU
		{2A5090E3-9B02-40BA-98C2-0147470653D0}.Release|Any CPU.ActiveCfg = Release|Any CPU
		{2A5090E3-9B02-40BA-98C2-0147470653D0}.Release|Any CPU.Build.0 = Release|Any CPU
		{321A055D-B364-4090-B77F-72D6A3F4618F}.Debug|Any CPU.ActiveCfg = Debug|Any CPU
		{321A055D-B364-4090-B77F-72D6A3F4618F}.Debug|Any CPU.Build.0 = Debug|Any CPU
		{321A055D-B364-4090-B77F-72D6A3F4618F}.Release|Any CPU.ActiveCfg = Release|Any CPU
		{321A055D-B364-4090-B77F-72D6A3F4618F}.Release|Any CPU.Build.0 = Release|Any CPU
		{5B02EB44-359F-441E-8C74-D4563E429360}.Debug|Any CPU.ActiveCfg = Debug|Any CPU
		{5B02EB44-359F-441E-8C74-D4563E429360}.Debug|Any CPU.Build.0 = Debug|Any CPU
		{5B02EB44-359F-441E-8C74-D4563E429360}.Release|Any CPU.ActiveCfg = Release|Any CPU
		{5B02EB44-359F-441E-8C74-D4563E429360}.Release|Any CPU.Build.0 = Release|Any CPU
		{68F41342-8F50-491D-8D54-90044A90637F}.Debug|Any CPU.ActiveCfg = Debug|Any CPU
		{68F41342-8F50-491D-8D54-90044A90637F}.Debug|Any CPU.Build.0 = Debug|Any CPU
		{68F41342-8F50-491D-8D54-90044A90637F}.Release|Any CPU.ActiveCfg = Release|Any CPU
		{68F41342-8F50-491D-8D54-90044A90637F}.Release|Any CPU.Build.0 = Release|Any CPU
		{68479E64-D0C2-48D6-AD99-F07E2986F7DF}.Debug|Any CPU.ActiveCfg = Debug|Any CPU
		{68479E64-D0C2-48D6-AD99-F07E2986F7DF}.Debug|Any CPU.Build.0 = Debug|Any CPU
		{68479E64-D0C2-48D6-AD99-F07E2986F7DF}.Release|Any CPU.ActiveCfg = Release|Any CPU
		{68479E64-D0C2-48D6-AD99-F07E2986F7DF}.Release|Any CPU.Build.0 = Release|Any CPU
		{8C3000DF-E386-4B07-9DD9-12C28EAF2D59}.Debug|Any CPU.ActiveCfg = Debug|Any CPU
		{8C3000DF-E386-4B07-9DD9-12C28EAF2D59}.Debug|Any CPU.Build.0 = Debug|Any CPU
		{8C3000DF-E386-4B07-9DD9-12C28EAF2D59}.Release|Any CPU.ActiveCfg = Release|Any CPU
		{8C3000DF-E386-4B07-9DD9-12C28EAF2D59}.Release|Any CPU.Build.0 = Release|Any CPU
		{C0D5298E-CA71-4D2A-BB61-1D3003A52CAF}.Debug|Any CPU.ActiveCfg = Debug|Any CPU
		{C0D5298E-CA71-4D2A-BB61-1D3003A52CAF}.Debug|Any CPU.Build.0 = Debug|Any CPU
		{C0D5298E-CA71-4D2A-BB61-1D3003A52CAF}.Release|Any CPU.ActiveCfg = Release|Any CPU
		{C0D5298E-CA71-4D2A-BB61-1D3003A52CAF}.Release|Any CPU.Build.0 = Release|Any CPU
		{7664471B-F947-4482-977B-2EC4E3E91140}.Debug|Any CPU.ActiveCfg = Debug|Any CPU
		{7664471B-F947-4482-977B-2EC4E3E91140}.Debug|Any CPU.Build.0 = Debug|Any CPU
		{7664471B-F947-4482-977B-2EC4E3E91140}.Release|Any CPU.ActiveCfg = Release|Any CPU
		{7664471B-F947-4482-977B-2EC4E3E91140}.Release|Any CPU.Build.0 = Release|Any CPU
		{DF1824A6-8EB2-4CD2-AC73-90BBE1C38B70}.Debug|Any CPU.ActiveCfg = Debug|Any CPU
		{DF1824A6-8EB2-4CD2-AC73-90BBE1C38B70}.Debug|Any CPU.Build.0 = Debug|Any CPU
		{DF1824A6-8EB2-4CD2-AC73-90BBE1C38B70}.Release|Any CPU.ActiveCfg = Release|Any CPU
		{DF1824A6-8EB2-4CD2-AC73-90BBE1C38B70}.Release|Any CPU.Build.0 = Release|Any CPU
		{169FEA50-326B-48E5-8054-87DA54E67752}.Debug|Any CPU.ActiveCfg = Debug|Any CPU
		{169FEA50-326B-48E5-8054-87DA54E67752}.Debug|Any CPU.Build.0 = Debug|Any CPU
		{169FEA50-326B-48E5-8054-87DA54E67752}.Release|Any CPU.ActiveCfg = Release|Any CPU
		{169FEA50-326B-48E5-8054-87DA54E67752}.Release|Any CPU.Build.0 = Release|Any CPU
		{0A598AFE-0C3D-4DE2-9F6C-5707A836EDFF}.Debug|Any CPU.ActiveCfg = Debug|Any CPU
		{0A598AFE-0C3D-4DE2-9F6C-5707A836EDFF}.Debug|Any CPU.Build.0 = Debug|Any CPU
		{0A598AFE-0C3D-4DE2-9F6C-5707A836EDFF}.Release|Any CPU.ActiveCfg = Release|Any CPU
		{0A598AFE-0C3D-4DE2-9F6C-5707A836EDFF}.Release|Any CPU.Build.0 = Release|Any CPU
		{C72E5760-6E66-4247-AF97-6021E7418FE0}.Debug|Any CPU.ActiveCfg = Debug|Any CPU
		{C72E5760-6E66-4247-AF97-6021E7418FE0}.Debug|Any CPU.Build.0 = Debug|Any CPU
		{C72E5760-6E66-4247-AF97-6021E7418FE0}.Release|Any CPU.ActiveCfg = Release|Any CPU
		{C72E5760-6E66-4247-AF97-6021E7418FE0}.Release|Any CPU.Build.0 = Release|Any CPU
	EndGlobalSection
	GlobalSection(SolutionProperties) = preSolution
		HideSolutionNode = FALSE
	EndGlobalSection
	GlobalSection(NestedProjects) = preSolution
		{AB13D0A9-5C13-409B-8B21-EE6B4CC76AC0} = {C5387F30-0E7D-4481-A475-E769E43C7EB4}
		{81C07090-FBD1-4118-B616-C31B25BBEA07} = {C5387F30-0E7D-4481-A475-E769E43C7EB4}
		{B2E0993F-223E-4926-A3BA-AA7D6D2C34F3} = {C5387F30-0E7D-4481-A475-E769E43C7EB4}
		{AC344800-1680-4381-BDD9-522F6045A9E4} = {81C07090-FBD1-4118-B616-C31B25BBEA07}
		{1DD5E81C-4A17-455D-9E25-711C0C6231C4} = {B2E0993F-223E-4926-A3BA-AA7D6D2C34F3}
		{73836942-A03B-4877-B824-88096E3E6546} = {1DD5E81C-4A17-455D-9E25-711C0C6231C4}
		{2490D5FE-B9F4-4998-9359-F307EEA69935} = {1DD5E81C-4A17-455D-9E25-711C0C6231C4}
		{F7A33647-213D-4E1B-AD6E-3947F3D0C31E} = {AB13D0A9-5C13-409B-8B21-EE6B4CC76AC0}
		{1A145FD8-F106-4E8D-B07D-6CD848200892} = {AB13D0A9-5C13-409B-8B21-EE6B4CC76AC0}
		{974B97F4-B56C-4D57-9514-7E3A47E8DB5A} = {1DD5E81C-4A17-455D-9E25-711C0C6231C4}
		{BED32C09-1DCA-433D-BBD6-AD9E40E04014} = {1DD5E81C-4A17-455D-9E25-711C0C6231C4}
		{23C4154A-3613-4D1E-AF28-428B1542FCF9} = {B2E0993F-223E-4926-A3BA-AA7D6D2C34F3}
		{98670157-EA56-4804-999D-5BB70F0BA039} = {23C4154A-3613-4D1E-AF28-428B1542FCF9}
		{0B9EDFE7-9607-4E2F-894D-6FE035263310} = {23C4154A-3613-4D1E-AF28-428B1542FCF9}
		{87436040-17E9-4FE9-AF7E-CC5601A68252} = {23C4154A-3613-4D1E-AF28-428B1542FCF9}
		{6F9F416C-9764-4B69-9C7A-F2C53AA5D71C} = {23C4154A-3613-4D1E-AF28-428B1542FCF9}
		{7AA0459C-2259-4688-BD92-371FD2A6A4E9} = {B2E0993F-223E-4926-A3BA-AA7D6D2C34F3}
		{D8C92F29-A974-43E3-B8B5-AA791FF2180C} = {7AA0459C-2259-4688-BD92-371FD2A6A4E9}
		{8931BAD1-2E7A-42E9-9FD1-BD7DDDDAEA19} = {7AA0459C-2259-4688-BD92-371FD2A6A4E9}
		{9780F14A-5F0E-4BAC-9317-2E44057C8B8D} = {7AA0459C-2259-4688-BD92-371FD2A6A4E9}
		{52C06238-B79D-41DC-A644-387B9750C879} = {7AA0459C-2259-4688-BD92-371FD2A6A4E9}
		{E21E2870-AFC6-4BFF-88D1-AD9D9D13D13F} = {B2E0993F-223E-4926-A3BA-AA7D6D2C34F3}
		{353DE6F1-9F66-4735-A27A-86AC0EFC626C} = {E21E2870-AFC6-4BFF-88D1-AD9D9D13D13F}
		{0B416314-EBE6-4445-AD3D-3F17822FCCF5} = {E21E2870-AFC6-4BFF-88D1-AD9D9D13D13F}
		{BDB8FE92-84EE-4B71-920E-BE2435B26446} = {E21E2870-AFC6-4BFF-88D1-AD9D9D13D13F}
		{4A305681-EDD3-42D7-BC94-B739ABD0FCBD} = {E21E2870-AFC6-4BFF-88D1-AD9D9D13D13F}
		{E78D0534-23AF-4543-A58C-FC844C6BCF91} = {B2E0993F-223E-4926-A3BA-AA7D6D2C34F3}
		{17501638-FBF6-4587-AB7F-6126F1668010} = {E78D0534-23AF-4543-A58C-FC844C6BCF91}
		{E061683C-0922-40D2-B1F8-AFF55D17BA89} = {E78D0534-23AF-4543-A58C-FC844C6BCF91}
		{AC5DA3F1-54DA-419C-9E09-867ACED36CDB} = {E78D0534-23AF-4543-A58C-FC844C6BCF91}
		{BC406E99-3922-48B5-84B2-D41ABD33A8C0} = {E78D0534-23AF-4543-A58C-FC844C6BCF91}
		{2A5090E3-9B02-40BA-98C2-0147470653D0} = {773787AF-CC54-4B1E-BF82-1C65A30827E8}
		{321A055D-B364-4090-B77F-72D6A3F4618F} = {773787AF-CC54-4B1E-BF82-1C65A30827E8}
		{5B02EB44-359F-441E-8C74-D4563E429360} = {773787AF-CC54-4B1E-BF82-1C65A30827E8}
		{68F41342-8F50-491D-8D54-90044A90637F} = {773787AF-CC54-4B1E-BF82-1C65A30827E8}
		{773787AF-CC54-4B1E-BF82-1C65A30827E8} = {B2E0993F-223E-4926-A3BA-AA7D6D2C34F3}
		{E5049886-9312-44DE-B97B-B358BB58F338} = {B2E0993F-223E-4926-A3BA-AA7D6D2C34F3}
		{68479E64-D0C2-48D6-AD99-F07E2986F7DF} = {E5049886-9312-44DE-B97B-B358BB58F338}
		{8C3000DF-E386-4B07-9DD9-12C28EAF2D59} = {E5049886-9312-44DE-B97B-B358BB58F338}
		{C0D5298E-CA71-4D2A-BB61-1D3003A52CAF} = {E5049886-9312-44DE-B97B-B358BB58F338}
		{7664471B-F947-4482-977B-2EC4E3E91140} = {E5049886-9312-44DE-B97B-B358BB58F338}
		{DF1824A6-8EB2-4CD2-AC73-90BBE1C38B70} = {E32DF5C9-8AFD-443A-B4C3-0CB52B0E4360}
		{169FEA50-326B-48E5-8054-87DA54E67752} = {E32DF5C9-8AFD-443A-B4C3-0CB52B0E4360}
		{0A598AFE-0C3D-4DE2-9F6C-5707A836EDFF} = {E32DF5C9-8AFD-443A-B4C3-0CB52B0E4360}
		{C72E5760-6E66-4247-AF97-6021E7418FE0} = {E32DF5C9-8AFD-443A-B4C3-0CB52B0E4360}
		{E32DF5C9-8AFD-443A-B4C3-0CB52B0E4360} = {B2E0993F-223E-4926-A3BA-AA7D6D2C34F3}
	EndGlobalSection
	GlobalSection(ExtensibilityGlobals) = postSolution
		SolutionGuid = {0CA8D6B2-27F4-4BA2-8D91-3C7AD1411AF2}
	EndGlobalSection
EndGlobal
